
Microsoft Visual Studio Solution File, Format Version 12.00
# Visual Studio Version 17
VisualStudioVersion = 17.5.002.0
MinimumVisualStudioVersion = 10.0.40219.1
Project("{9A19103F-16F7-4668-BE54-9A1E7A4F7556}") = "DesafioPOO", "DesafioPOO.csproj", "{E17CD1F5-185B-4AFC-ADCB-83DBE715BDDF}"
EndProject
Global
	GlobalSection(SolutionConfigurationPlatforms) = preSolution
		Debug|Any CPU = Debug|Any CPU
		Release|Any CPU = Release|Any CPU
	EndGlobalSection
	GlobalSection(ProjectConfigurationPlatforms) = postSolution
		{E17CD1F5-185B-4AFC-ADCB-83DBE715BDDF}.Debug|Any CPU.ActiveCfg = Debug|Any CPU
		{E17CD1F5-185B-4AFC-ADCB-83DBE715BDDF}.Debug|Any CPU.Build.0 = Debug|Any CPU
		{E17CD1F5-185B-4AFC-ADCB-83DBE715BDDF}.Release|Any CPU.ActiveCfg = Release|Any CPU
		{E17CD1F5-185B-4AFC-ADCB-83DBE715BDDF}.Release|Any CPU.Build.0 = Release|Any CPU
	EndGlobalSection
	GlobalSection(SolutionProperties) = preSolution
		HideSolutionNode = FALSE
	EndGlobalSection
	GlobalSection(ExtensibilityGlobals) = postSolution
		SolutionGuid = {55EFAA1E-6F47-41C7-B783-17FFE052232F}
	EndGlobalSection
EndGlobal
